
Microsoft Visual Studio Solution File, Format Version 12.00
# Visual Studio 14
VisualStudioVersion = 14.0.23103.0
MinimumVisualStudioVersion = 10.0.40219.1
Project("{FAE04EC0-301F-11D3-BF4B-00C04F79EFBC}") = "ClassLibrary6", "ClassLibrary6.csproj", "{75E2F204-4E5B-418C-BBB7-1B2C2F052239}"
EndProject
Project("{FAE04EC0-301F-11D3-BF4B-00C04F79EFBC}") = "ClassLibrary6Tests", "ClassLibrary6Tests\ClassLibrary6Tests.csproj", "{4700E522-2BD4-4F77-AB73-D2BE828B0E38}"
EndProject
Project("{FAE04EC0-301F-11D3-BF4B-00C04F79EFBC}") = "ClassLibrary6.Tests", "..\ClassLibrary6.Tests\ClassLibrary6.Tests.csproj", "{A4C938D1-F2F4-4937-8787-6505E6DB4A4E}"
EndProject
Project("{FAE04EC0-301F-11D3-BF4B-00C04F79EFBC}") = "ClassLibrary6.Tests1", "ClassLibrary6.Tests1\ClassLibrary6.Tests1.csproj", "{6EB3C0DD-584D-42A1-8A7D-9EB84C039A25}"
EndProject
Project("{FAE04EC0-301F-11D3-BF4B-00C04F79EFBC}") = "ClassLibrary6.Tests2.MSTest", "ClassLibrary6.Tests2\ClassLibrary6.Tests2.MSTest.csproj", "{7EFA235E-B05B-4F07-9FA1-8055CC869F4B}"
EndProject
Project("{FAE04EC0-301F-11D3-BF4B-00C04F79EFBC}") = "ClassLibrary6.NUnit3.Tests", "ClassLibrary6.NUnit3.Tests\ClassLibrary6.NUnit3.Tests.csproj", "{CDDD7E77-B083-4E42-AFCF-6850A213328A}"
EndProject
Project("{FAE04EC0-301F-11D3-BF4B-00C04F79EFBC}") = "ClassLibrary6.NUnit3.Tests1", "ClassLibrary6.NUnit3.Tests1\ClassLibrary6.NUnit3.Tests1.csproj", "{1D81D0B1-2A67-48A0-91D0-AE398634F928}"
EndProject
Project("{FAE04EC0-301F-11D3-BF4B-00C04F79EFBC}") = "ClassLibrary6.MSTest.UnitTests", "ClassLibrary6.MSTest.UnitTests\ClassLibrary6.MSTest.UnitTests.csproj", "{FB0E1A85-81D4-4057-A02B-723CAB9131B4}"
EndProject
Project("{FAE04EC0-301F-11D3-BF4B-00C04F79EFBC}") = "ClassLibrary6.MsTest.IntelliTests", "..\ClassLibrary6.MsTest.IntelliTests\ClassLibrary6.MsTest.IntelliTests.csproj", "{283DAB90-C0FD-4CF7-B992-C27103901287}"
EndProject
Project("{FAE04EC0-301F-11D3-BF4B-00C04F79EFBC}") = "ClassLibrary1", "..\ClassLibrary1\ClassLibrary1.csproj", "{BBDB0819-2903-4624-B07F-796813534B2A}"
EndProject
Project("{FAE04EC0-301F-11D3-BF4B-00C04F79EFBC}") = "ClassLibrary1X.NUnit3.Tests", "ClassLibrary1X.NUnit3.Tests\ClassLibrary1X.NUnit3.Tests.csproj", "{FE2211E0-075F-4D2D-9FC1-5D3DF2327BAD}"
EndProject
Project("{FAE04EC0-301F-11D3-BF4B-00C04F79EFBC}") = "ClassLibrary1X.NUnit3.Tests1", "ClassLibrary1X.NUnit3.Tests1\ClassLibrary1X.NUnit3.Tests1.csproj", "{33F79F56-16A6-481E-8B5F-22DF36DD4327}"
EndProject
Project("{FAE04EC0-301F-11D3-BF4B-00C04F79EFBC}") = "ClassLibrary1X.NUnit2.Tests", "ClassLibrary1X.NUnit2.Tests\ClassLibrary1X.NUnit2.Tests.csproj", "{EFE69477-345F-4B43-AD78-CCB34EAD34C5}"
EndProject
Project("{FAE04EC0-301F-11D3-BF4B-00C04F79EFBC}") = "ClassLibrary1X.NUnit2.TestsIX.Tests", "ClassLibrary1X.NUnit2.TestsIX.Tests\ClassLibrary1X.NUnit2.TestsIX.Tests.csproj", "{954B7BFE-4FBB-4C77-90C9-B660E0BFDA30}"
EndProject
Global
	GlobalSection(SolutionConfigurationPlatforms) = preSolution
		Debug|Any CPU = Debug|Any CPU
		Release|Any CPU = Release|Any CPU
	EndGlobalSection
	GlobalSection(ProjectConfigurationPlatforms) = postSolution
		{75E2F204-4E5B-418C-BBB7-1B2C2F052239}.Debug|Any CPU.ActiveCfg = Debug|Any CPU
		{75E2F204-4E5B-418C-BBB7-1B2C2F052239}.Debug|Any CPU.Build.0 = Debug|Any CPU
		{75E2F204-4E5B-418C-BBB7-1B2C2F052239}.Release|Any CPU.ActiveCfg = Release|Any CPU
		{75E2F204-4E5B-418C-BBB7-1B2C2F052239}.Release|Any CPU.Build.0 = Release|Any CPU
		{4700E522-2BD4-4F77-AB73-D2BE828B0E38}.Debug|Any CPU.ActiveCfg = Debug|Any CPU
		{4700E522-2BD4-4F77-AB73-D2BE828B0E38}.Debug|Any CPU.Build.0 = Debug|Any CPU
		{4700E522-2BD4-4F77-AB73-D2BE828B0E38}.Release|Any CPU.ActiveCfg = Release|Any CPU
		{4700E522-2BD4-4F77-AB73-D2BE828B0E38}.Release|Any CPU.Build.0 = Release|Any CPU
		{A4C938D1-F2F4-4937-8787-6505E6DB4A4E}.Debug|Any CPU.ActiveCfg = Debug|Any CPU
		{A4C938D1-F2F4-4937-8787-6505E6DB4A4E}.Debug|Any CPU.Build.0 = Debug|Any CPU
		{A4C938D1-F2F4-4937-8787-6505E6DB4A4E}.Release|Any CPU.ActiveCfg = Release|Any CPU
		{A4C938D1-F2F4-4937-8787-6505E6DB4A4E}.Release|Any CPU.Build.0 = Release|Any CPU
		{6EB3C0DD-584D-42A1-8A7D-9EB84C039A25}.Debug|Any CPU.ActiveCfg = Debug|Any CPU
		{6EB3C0DD-584D-42A1-8A7D-9EB84C039A25}.Debug|Any CPU.Build.0 = Debug|Any CPU
		{6EB3C0DD-584D-42A1-8A7D-9EB84C039A25}.Release|Any CPU.ActiveCfg = Release|Any CPU
		{6EB3C0DD-584D-42A1-8A7D-9EB84C039A25}.Release|Any CPU.Build.0 = Release|Any CPU
		{7EFA235E-B05B-4F07-9FA1-8055CC869F4B}.Debug|Any CPU.ActiveCfg = Debug|Any CPU
		{7EFA235E-B05B-4F07-9FA1-8055CC869F4B}.Debug|Any CPU.Build.0 = Debug|Any CPU
		{7EFA235E-B05B-4F07-9FA1-8055CC869F4B}.Release|Any CPU.ActiveCfg = Release|Any CPU
		{7EFA235E-B05B-4F07-9FA1-8055CC869F4B}.Release|Any CPU.Build.0 = Release|Any CPU
		{CDDD7E77-B083-4E42-AFCF-6850A213328A}.Debug|Any CPU.ActiveCfg = Debug|Any CPU
		{CDDD7E77-B083-4E42-AFCF-6850A213328A}.Debug|Any CPU.Build.0 = Debug|Any CPU
		{CDDD7E77-B083-4E42-AFCF-6850A213328A}.Release|Any CPU.ActiveCfg = Release|Any CPU
		{CDDD7E77-B083-4E42-AFCF-6850A213328A}.Release|Any CPU.Build.0 = Release|Any CPU
		{1D81D0B1-2A67-48A0-91D0-AE398634F928}.Debug|Any CPU.ActiveCfg = Debug|Any CPU
		{1D81D0B1-2A67-48A0-91D0-AE398634F928}.Debug|Any CPU.Build.0 = Debug|Any CPU
		{1D81D0B1-2A67-48A0-91D0-AE398634F928}.Release|Any CPU.ActiveCfg = Release|Any CPU
		{1D81D0B1-2A67-48A0-91D0-AE398634F928}.Release|Any CPU.Build.0 = Release|Any CPU
		{FB0E1A85-81D4-4057-A02B-723CAB9131B4}.Debug|Any CPU.ActiveCfg = Debug|Any CPU
		{FB0E1A85-81D4-4057-A02B-723CAB9131B4}.Debug|Any CPU.Build.0 = Debug|Any CPU
		{FB0E1A85-81D4-4057-A02B-723CAB9131B4}.Release|Any CPU.ActiveCfg = Release|Any CPU
		{FB0E1A85-81D4-4057-A02B-723CAB9131B4}.Release|Any CPU.Build.0 = Release|Any CPU
		{283DAB90-C0FD-4CF7-B992-C27103901287}.Debug|Any CPU.ActiveCfg = Debug|Any CPU
		{283DAB90-C0FD-4CF7-B992-C27103901287}.Debug|Any CPU.Build.0 = Debug|Any CPU
		{283DAB90-C0FD-4CF7-B992-C27103901287}.Release|Any CPU.ActiveCfg = Release|Any CPU
		{283DAB90-C0FD-4CF7-B992-C27103901287}.Release|Any CPU.Build.0 = Release|Any CPU
		{BBDB0819-2903-4624-B07F-796813534B2A}.Debug|Any CPU.ActiveCfg = Debug|Any CPU
		{BBDB0819-2903-4624-B07F-796813534B2A}.Debug|Any CPU.Build.0 = Debug|Any CPU
		{BBDB0819-2903-4624-B07F-796813534B2A}.Release|Any CPU.ActiveCfg = Release|Any CPU
		{BBDB0819-2903-4624-B07F-796813534B2A}.Release|Any CPU.Build.0 = Release|Any CPU
		{FE2211E0-075F-4D2D-9FC1-5D3DF2327BAD}.Debug|Any CPU.ActiveCfg = Debug|Any CPU
		{FE2211E0-075F-4D2D-9FC1-5D3DF2327BAD}.Debug|Any CPU.Build.0 = Debug|Any CPU
		{FE2211E0-075F-4D2D-9FC1-5D3DF2327BAD}.Release|Any CPU.ActiveCfg = Release|Any CPU
		{FE2211E0-075F-4D2D-9FC1-5D3DF2327BAD}.Release|Any CPU.Build.0 = Release|Any CPU
		{33F79F56-16A6-481E-8B5F-22DF36DD4327}.Debug|Any CPU.ActiveCfg = Debug|Any CPU
		{33F79F56-16A6-481E-8B5F-22DF36DD4327}.Debug|Any CPU.Build.0 = Debug|Any CPU
		{33F79F56-16A6-481E-8B5F-22DF36DD4327}.Release|Any CPU.ActiveCfg = Release|Any CPU
		{33F79F56-16A6-481E-8B5F-22DF36DD4327}.Release|Any CPU.Build.0 = Release|Any CPU
		{EFE69477-345F-4B43-AD78-CCB34EAD34C5}.Debug|Any CPU.ActiveCfg = Debug|Any CPU
		{EFE69477-345F-4B43-AD78-CCB34EAD34C5}.Debug|Any CPU.Build.0 = Debug|Any CPU
		{EFE69477-345F-4B43-AD78-CCB34EAD34C5}.Release|Any CPU.ActiveCfg = Release|Any CPU
		{EFE69477-345F-4B43-AD78-CCB34EAD34C5}.Release|Any CPU.Build.0 = Release|Any CPU
		{954B7BFE-4FBB-4C77-90C9-B660E0BFDA30}.Debug|Any CPU.ActiveCfg = Debug|Any CPU
		{954B7BFE-4FBB-4C77-90C9-B660E0BFDA30}.Debug|Any CPU.Build.0 = Debug|Any CPU
		{954B7BFE-4FBB-4C77-90C9-B660E0BFDA30}.Release|Any CPU.ActiveCfg = Release|Any CPU
		{954B7BFE-4FBB-4C77-90C9-B660E0BFDA30}.Release|Any CPU.Build.0 = Release|Any CPU
	EndGlobalSection
	GlobalSection(SolutionProperties) = preSolution
		HideSolutionNode = FALSE
	EndGlobalSection
EndGlobal
